
Microsoft Visual Studio Solution File, Format Version 12.00
# Visual Studio Version 17
VisualStudioVersion = 17.8.34330.188
MinimumVisualStudioVersion = 10.0.40219.1
Project("{9A19103F-16F7-4668-BE54-9A1E7A4F7556}") = "SimpleBanking.Api", "SimpleBanking.Api\SimpleBanking.Api.csproj", "{6771CCCD-BF0D-426B-BA4A-72C8E190B1B0}"
EndProject
Global
	GlobalSection(SolutionConfigurationPlatforms) = preSolution
		Debug|Any CPU = Debug|Any CPU
		Release|Any CPU = Release|Any CPU
	EndGlobalSection
	GlobalSection(ProjectConfigurationPlatforms) = postSolution
		{6771CCCD-BF0D-426B-BA4A-72C8E190B1B0}.Debug|Any CPU.ActiveCfg = Debug|Any CPU
		{6771CCCD-BF0D-426B-BA4A-72C8E190B1B0}.Debug|Any CPU.Build.0 = Debug|Any CPU
		{6771CCCD-BF0D-426B-BA4A-72C8E190B1B0}.Release|Any CPU.ActiveCfg = Release|Any CPU
		{6771CCCD-BF0D-426B-BA4A-72C8E190B1B0}.Release|Any CPU.Build.0 = Release|Any CPU
	EndGlobalSection
	GlobalSection(SolutionProperties) = preSolution
		HideSolutionNode = FALSE
	EndGlobalSection
	GlobalSection(ExtensibilityGlobals) = postSolution
		SolutionGuid = {A4D97EC7-5C32-41B0-9A18-B619F45FF149}
	EndGlobalSection
EndGlobal
